
Microsoft Visual Studio Solution File, Format Version 12.00
# Visual Studio Version 17
VisualStudioVersion = 17.5.33502.453
MinimumVisualStudioVersion = 10.0.40219.1
Project("{2150E333-8FDC-42A3-9474-1A3956D46DE8}") = "Desktop", "Desktop", "{8CEE2BC9-12F1-4CDD-BC0C-8659E23147E3}"
EndProject
Project("{9A19103F-16F7-4668-BE54-9A1E7A4F7556}") = "InfoKiosk.Desktop.ImagePresentation", "src\InfoKiosk.Desktop.ImagePresentation\InfoKiosk.Desktop.ImagePresentation.csproj", "{6386B21E-F8C8-44DF-A91F-9BEED0EAD13D}"
EndProject
Project("{FAE04EC0-301F-11D3-BF4B-00C04F79EFBC}") = "InfoKiosk.DesktopApp", "src\InfoKiosk.DesktopApp\InfoKiosk.DesktopApp.csproj", "{DD69A3DF-44E3-48AC-A949-73CD778A0C15}"
EndProject
Global
	GlobalSection(SolutionConfigurationPlatforms) = preSolution
		Debug|Any CPU = Debug|Any CPU
		Release|Any CPU = Release|Any CPU
	EndGlobalSection
	GlobalSection(ProjectConfigurationPlatforms) = postSolution
		{6386B21E-F8C8-44DF-A91F-9BEED0EAD13D}.Debug|Any CPU.ActiveCfg = Debug|Any CPU
		{6386B21E-F8C8-44DF-A91F-9BEED0EAD13D}.Debug|Any CPU.Build.0 = Debug|Any CPU
		{6386B21E-F8C8-44DF-A91F-9BEED0EAD13D}.Release|Any CPU.ActiveCfg = Release|Any CPU
		{6386B21E-F8C8-44DF-A91F-9BEED0EAD13D}.Release|Any CPU.Build.0 = Release|Any CPU
		{DD69A3DF-44E3-48AC-A949-73CD778A0C15}.Debug|Any CPU.ActiveCfg = Debug|Any CPU
		{DD69A3DF-44E3-48AC-A949-73CD778A0C15}.Debug|Any CPU.Build.0 = Debug|Any CPU
		{DD69A3DF-44E3-48AC-A949-73CD778A0C15}.Release|Any CPU.ActiveCfg = Release|Any CPU
		{DD69A3DF-44E3-48AC-A949-73CD778A0C15}.Release|Any CPU.Build.0 = Release|Any CPU
	EndGlobalSection
	GlobalSection(SolutionProperties) = preSolution
		HideSolutionNode = FALSE
	EndGlobalSection
	GlobalSection(NestedProjects) = preSolution
		{6386B21E-F8C8-44DF-A91F-9BEED0EAD13D} = {8CEE2BC9-12F1-4CDD-BC0C-8659E23147E3}
		{DD69A3DF-44E3-48AC-A949-73CD778A0C15} = {8CEE2BC9-12F1-4CDD-BC0C-8659E23147E3}
	EndGlobalSection
	GlobalSection(ExtensibilityGlobals) = postSolution
		SolutionGuid = {FD39C421-706B-40A5-91A6-4C8844D4DF25}
	EndGlobalSection
EndGlobal
